
Microsoft Visual Studio Solution File, Format Version 12.00
# Visual Studio 15
Project("{FAE04EC0-301F-11D3-BF4B-00C04F79EFBC}") = "Unity.Timeline", "Unity.Timeline.csproj", "{27B99C94-3160-3BC1-DE6A-C6F29D08D985}"
EndProject
Project("{FAE04EC0-301F-11D3-BF4B-00C04F79EFBC}") = "Unity.InputSystem", "Unity.InputSystem.csproj", "{56CE2C08-ADC1-4D7A-4C94-D24C0509E689}"
EndProject
Project("{FAE04EC0-301F-11D3-BF4B-00C04F79EFBC}") = "Unity.XR.Management", "Unity.XR.Management.csproj", "{F39A67E0-990E-6D81-FB95-4722B1EEC601}"
EndProject
Project("{FAE04EC0-301F-11D3-BF4B-00C04F79EFBC}") = "Unity.XR.Interaction.Toolkit.Samples.StarterAssets", "Unity.XR.Interaction.Toolkit.Samples.StarterAssets.csproj", "{75EA15EB-B230-41D4-F5DD-92C2A850B19D}"
EndProject
Project("{FAE04EC0-301F-11D3-BF4B-00C04F79EFBC}") = "Unity.VisualScripting.Flow", "Unity.VisualScripting.Flow.csproj", "{F81553EF-92EF-F9DF-1FC6-9587ED1F5EB9}"
EndProject
Project("{FAE04EC0-301F-11D3-BF4B-00C04F79EFBC}") = "Unity.Timeline.Editor", "Unity.Timeline.Editor.csproj", "{B18AADC2-03AC-D58B-B1AE-A61CFC6022B2}"
EndProject
Project("{FAE04EC0-301F-11D3-BF4B-00C04F79EFBC}") = "Unity.PlasticSCM.Editor", "Unity.PlasticSCM.Editor.csproj", "{879AD124-3231-6E3B-42E3-4B34CAA44677}"
EndProject
Project("{FAE04EC0-301F-11D3-BF4B-00C04F79EFBC}") = "Unity.XR.CoreUtils.Editor", "Unity.XR.CoreUtils.Editor.csproj", "{9C948575-7885-E3BD-8052-7B8B81A20693}"
EndProject
Project("{FAE04EC0-301F-11D3-BF4B-00C04F79EFBC}") = "Unity.Mathematics", "Unity.Mathematics.csproj", "{2A4EDE63-17EE-121D-A7D8-D26B1EEA5D80}"
EndProject
Project("{FAE04EC0-301F-11D3-BF4B-00C04F79EFBC}") = "Unity.VisualScripting.Core.Editor", "Unity.VisualScripting.Core.Editor.csproj", "{E064ED29-037C-B835-96DE-4FE0AA3B6E7E}"
EndProject
Project("{FAE04EC0-301F-11D3-BF4B-00C04F79EFBC}") = "UnityEditor.TestRunner", "UnityEditor.TestRunner.csproj", "{B4748C01-EF3F-97C0-2F3D-A4D743BE266B}"
EndProject
Project("{FAE04EC0-301F-11D3-BF4B-00C04F79EFBC}") = "Unity.XR.Interaction.Toolkit", "Unity.XR.Interaction.Toolkit.csproj", "{1701B9F5-9D3E-DEA4-8052-7C9CC5294A5A}"
EndProject
Project("{FAE04EC0-301F-11D3-BF4B-00C04F79EFBC}") = "Unity.XR.CoreUtils", "Unity.XR.CoreUtils.csproj", "{B0167798-D636-D109-9BB6-E75B7711B11D}"
EndProject
Project("{FAE04EC0-301F-11D3-BF4B-00C04F79EFBC}") = "Unity.TextMeshPro.Editor", "Unity.TextMeshPro.Editor.csproj", "{3B79100C-7E4B-1FDB-FAE0-E179E1421B64}"
EndProject
Project("{FAE04EC0-301F-11D3-BF4B-00C04F79EFBC}") = "Unity.VisualScripting.Flow.Editor", "Unity.VisualScripting.Flow.Editor.csproj", "{4216D1DC-FECB-C03F-BEDF-834D4BDFF5F3}"
EndProject
Project("{FAE04EC0-301F-11D3-BF4B-00C04F79EFBC}") = "UnityEngine.TestRunner", "UnityEngine.TestRunner.csproj", "{75055B64-98B6-061D-7E7F-C8F2269E1A94}"
EndProject
Project("{FAE04EC0-301F-11D3-BF4B-00C04F79EFBC}") = "Unity.VisualScripting.Core", "Unity.VisualScripting.Core.csproj", "{9C9011FB-CD63-0B72-CD3F-853AABF1DD41}"
EndProject
Project("{FAE04EC0-301F-11D3-BF4B-00C04F79EFBC}") = "Unity.Searcher.Editor", "Unity.Searcher.Editor.csproj", "{4F86F262-B2FD-ADBC-9F25-838A695EF0FB}"
EndProject
Project("{FAE04EC0-301F-11D3-BF4B-00C04F79EFBC}") = "Unity.Burst", "Unity.Burst.csproj", "{9A3DFE2E-54A1-F47D-00ED-2D36948DF395}"
EndProject
Project("{FAE04EC0-301F-11D3-BF4B-00C04F79EFBC}") = "Unity.XR.Oculus", "Unity.XR.Oculus.csproj", "{B6F6D800-C8B1-C078-B91C-F71B2BE34023}"
EndProject
Project("{FAE04EC0-301F-11D3-BF4B-00C04F79EFBC}") = "Unity.Tutorials.Core.Editor", "Unity.Tutorials.Core.Editor.csproj", "{6E183DA3-E278-9938-2D0F-C762D0900B0A}"
EndProject
Project("{FAE04EC0-301F-11D3-BF4B-00C04F79EFBC}") = "Unity.VisualStudio.Editor", "Unity.VisualStudio.Editor.csproj", "{C6213E8F-B4C2-BD3F-04D6-95EA8212D07A}"
EndProject
Project("{FAE04EC0-301F-11D3-BF4B-00C04F79EFBC}") = "Unity.XR.Oculus.Editor", "Unity.XR.Oculus.Editor.csproj", "{EC969A4B-4FF8-FB25-1C62-D64384478518}"
EndProject
Project("{FAE04EC0-301F-11D3-BF4B-00C04F79EFBC}") = "Unity.XR.Interaction.Toolkit.Editor", "Unity.XR.Interaction.Toolkit.Editor.csproj", "{3EE586B0-E0EF-37AE-712A-B856BC0735D0}"
EndProject
Project("{FAE04EC0-301F-11D3-BF4B-00C04F79EFBC}") = "Unity.XR.OpenXR", "Unity.XR.OpenXR.csproj", "{46828308-FFC7-D466-BA2D-850B931A7891}"
EndProject
Project("{FAE04EC0-301F-11D3-BF4B-00C04F79EFBC}") = "Unity.TestTools.CodeCoverage.Editor.OpenCover.Model", "Unity.TestTools.CodeCoverage.Editor.OpenCover.Model.csproj", "{758E8912-8A2B-3936-9179-EA012CA26A92}"
EndProject
Project("{FAE04EC0-301F-11D3-BF4B-00C04F79EFBC}") = "Unity.Rider.Editor", "Unity.Rider.Editor.csproj", "{0B65B312-3440-B77E-93DD-8D416799DFB4}"
EndProject
Project("{FAE04EC0-301F-11D3-BF4B-00C04F79EFBC}") = "Unity.XR.OpenXR.Editor", "Unity.XR.OpenXR.Editor.csproj", "{1AF3072D-EB20-B4C2-A0CC-C4EA893CC62F}"
EndProject
Project("{FAE04EC0-301F-11D3-BF4B-00C04F79EFBC}") = "Unity.VisualScripting.State.Editor", "Unity.VisualScripting.State.Editor.csproj", "{93D02CD0-C99C-BAB3-BB01-1BB63A972A5B}"
EndProject
Project("{FAE04EC0-301F-11D3-BF4B-00C04F79EFBC}") = "Unity.TestTools.CodeCoverage.Editor", "Unity.TestTools.CodeCoverage.Editor.csproj", "{31457945-DD9F-8B60-C480-0E069FD12E66}"
EndProject
Project("{FAE04EC0-301F-11D3-BF4B-00C04F79EFBC}") = "Unity.Burst.CodeGen", "Unity.Burst.CodeGen.csproj", "{74E25C5D-D8A5-371A-DD4E-EE1B008044A1}"
EndProject
Project("{FAE04EC0-301F-11D3-BF4B-00C04F79EFBC}") = "Unity.VisualScripting.State", "Unity.VisualScripting.State.csproj", "{08ACC6C0-B8CC-E0C6-B84C-4D3B49ACF30B}"
EndProject
Project("{FAE04EC0-301F-11D3-BF4B-00C04F79EFBC}") = "Unity.TextMeshPro", "Unity.TextMeshPro.csproj", "{8E773DB4-6BB6-C30F-BE16-63B0CE3FBEA4}"
EndProject
Project("{FAE04EC0-301F-11D3-BF4B-00C04F79EFBC}") = "Unity.XR.Management.Editor", "Unity.XR.Management.Editor.csproj", "{B7CF3B5E-FF5B-36BA-82A3-2559B3A2CEBD}"
EndProject
Project("{FAE04EC0-301F-11D3-BF4B-00C04F79EFBC}") = "Unity.Performance.Profile-Analyzer.Editor", "Unity.Performance.Profile-Analyzer.Editor.csproj", "{82C81F70-C238-69E0-A0E2-9EC804C68B85}"
EndProject
Project("{FAE04EC0-301F-11D3-BF4B-00C04F79EFBC}") = "Unity.VisualScripting.SettingsProvider.Editor", "Unity.VisualScripting.SettingsProvider.Editor.csproj", "{E41F0609-6E74-5AE1-A64E-33EF01052764}"
EndProject
Project("{FAE04EC0-301F-11D3-BF4B-00C04F79EFBC}") = "Unity.VSCode.Editor", "Unity.VSCode.Editor.csproj", "{713C1ACF-992C-C128-927E-296F2185C84A}"
EndProject
Project("{FAE04EC0-301F-11D3-BF4B-00C04F79EFBC}") = "Unity.Burst.Editor", "Unity.Burst.Editor.csproj", "{ACE9AB6A-3256-EF9C-47EB-DE0A8718FF03}"
EndProject
Project("{FAE04EC0-301F-11D3-BF4B-00C04F79EFBC}") = "Unity.TestTools.CodeCoverage.Editor.OpenCover.Mono.Reflection", "Unity.TestTools.CodeCoverage.Editor.OpenCover.Mono.Reflection.csproj", "{8647F22F-B277-468B-2793-279326EF00C5}"
EndProject
Project("{FAE04EC0-301F-11D3-BF4B-00C04F79EFBC}") = "Unity.Settings.Editor", "Unity.Settings.Editor.csproj", "{1BA09792-1A30-8976-DE89-D9A37838B424}"
EndProject
Project("{FAE04EC0-301F-11D3-BF4B-00C04F79EFBC}") = "Unity.InternalAPIEngineBridge.007", "Unity.InternalAPIEngineBridge.007.csproj", "{0A7DC85D-04E6-CB01-F9A6-CDA339B47F2E}"
EndProject
Project("{FAE04EC0-301F-11D3-BF4B-00C04F79EFBC}") = "Assembly-CSharp", "Assembly-CSharp.csproj", "{E6626FC8-0F39-0DEF-DDD4-5F1842A37138}"
EndProject
Project("{FAE04EC0-301F-11D3-BF4B-00C04F79EFBC}") = "Unity.InternalAPIEditorBridge.007", "Unity.InternalAPIEditorBridge.007.csproj", "{4352ED4C-0C6D-F2D1-2155-DD997A2E6418}"
EndProject
Project("{FAE04EC0-301F-11D3-BF4B-00C04F79EFBC}") = "UnityEngine.SpatialTracking", "UnityEngine.SpatialTracking.csproj", "{94E944E1-C61D-8439-BF18-E4DE581F9661}"
EndProject
Project("{FAE04EC0-301F-11D3-BF4B-00C04F79EFBC}") = "Unity.InputSystem.ForUI", "Unity.InputSystem.ForUI.csproj", "{4E07E0AF-21CE-1AB0-36F2-17C6BDC2F1D7}"
EndProject
Project("{FAE04EC0-301F-11D3-BF4B-00C04F79EFBC}") = "Unity.Mathematics.Editor", "Unity.Mathematics.Editor.csproj", "{FD14D6F8-2254-5454-0575-00BF178DF9B9}"
EndProject
Project("{FAE04EC0-301F-11D3-BF4B-00C04F79EFBC}") = "Unity.Tutorials.Core", "Unity.Tutorials.Core.csproj", "{6BF32439-52F4-08B2-3B4E-4D2D299B0BCD}"
EndProject
Project("{FAE04EC0-301F-11D3-BF4B-00C04F79EFBC}") = "UnityEditor.SpatialTracking", "UnityEditor.SpatialTracking.csproj", "{15D7CB35-8098-B10B-0EE0-F2E8BB32C13A}"
EndProject
Project("{FAE04EC0-301F-11D3-BF4B-00C04F79EFBC}") = "Unity.XR.OpenXR.Features.MetaQuestSupport.Editor", "Unity.XR.OpenXR.Features.MetaQuestSupport.Editor.csproj", "{A228276D-62CB-F9AD-CE70-78BED90203F6}"
EndProject
Project("{FAE04EC0-301F-11D3-BF4B-00C04F79EFBC}") = "Unity.InputSystem.TestFramework", "Unity.InputSystem.TestFramework.csproj", "{7D02A599-4AB6-A12C-01AE-048C598633F0}"
EndProject
Project("{FAE04EC0-301F-11D3-BF4B-00C04F79EFBC}") = "Unity.XR.OpenXR.Features.RuntimeDebugger.Editor", "Unity.XR.OpenXR.Features.RuntimeDebugger.Editor.csproj", "{726B0696-BA4C-0153-7F11-8305CE39BEBB}"
EndProject
Project("{FAE04EC0-301F-11D3-BF4B-00C04F79EFBC}") = "UnityEditor.XR.LegacyInputHelpers", "UnityEditor.XR.LegacyInputHelpers.csproj", "{3A1E0054-3273-C652-A2B7-F1B1D4DA0116}"
EndProject
Project("{FAE04EC0-301F-11D3-BF4B-00C04F79EFBC}") = "Unity.VisualScripting.Shared.Editor", "Unity.VisualScripting.Shared.Editor.csproj", "{8550D313-F7F5-DE22-EDC8-D311DC2154B8}"
EndProject
Project("{FAE04EC0-301F-11D3-BF4B-00C04F79EFBC}") = "Unity.XR.OpenXR.Features.OculusQuestSupport.Editor", "Unity.XR.OpenXR.Features.OculusQuestSupport.Editor.csproj", "{1F459947-44AC-F1B9-B61B-014C1C82226F}"
EndProject
Project("{FAE04EC0-301F-11D3-BF4B-00C04F79EFBC}") = "Unity.EditorCoroutines.Editor", "Unity.EditorCoroutines.Editor.csproj", "{BE4A03F2-A8C9-1E7E-A4BC-50385F2AB57D}"
EndProject
Project("{FAE04EC0-301F-11D3-BF4B-00C04F79EFBC}") = "Unity.XR.OpenXR.Features.ConformanceAutomation", "Unity.XR.OpenXR.Features.ConformanceAutomation.csproj", "{ABE2E08C-866F-1A92-DD4B-FDB77747D58F}"
EndProject
Project("{FAE04EC0-301F-11D3-BF4B-00C04F79EFBC}") = "UnityEngine.XR.LegacyInputHelpers", "UnityEngine.XR.LegacyInputHelpers.csproj", "{4BD8B795-0138-7692-A958-EA4AE699EE76}"
EndProject
Project("{FAE04EC0-301F-11D3-BF4B-00C04F79EFBC}") = "Unity.XR.OpenXR.Features.OculusQuestSupport", "Unity.XR.OpenXR.Features.OculusQuestSupport.csproj", "{D0D0ADF7-4C4C-929E-B7E2-3ADB12158051}"
EndProject
Project("{FAE04EC0-301F-11D3-BF4B-00C04F79EFBC}") = "Unity.XR.OpenXR.Features.MockRuntime", "Unity.XR.OpenXR.Features.MockRuntime.csproj", "{6B45BAD8-527E-CF13-9EBF-9DFC4D435348}"
EndProject
Project("{FAE04EC0-301F-11D3-BF4B-00C04F79EFBC}") = "Unity.XR.OpenXR.Features.RuntimeDebugger", "Unity.XR.OpenXR.Features.RuntimeDebugger.csproj", "{79619B8B-94E3-9449-23FA-645E7E5BA7C3}"
EndProject
Project("{FAE04EC0-301F-11D3-BF4B-00C04F79EFBC}") = "Unity.XR.OpenXR.Features.MetaQuestSupport", "Unity.XR.OpenXR.Features.MetaQuestSupport.csproj", "{D34A43CD-1EED-F1BA-2619-E1B1D5518BFD}"
EndProject
Project("{FAE04EC0-301F-11D3-BF4B-00C04F79EFBC}") = "Unity.XR.Interaction.Toolkit.Samples.StarterAssets.Editor", "Unity.XR.Interaction.Toolkit.Samples.StarterAssets.Editor.csproj", "{F695A403-63C6-9C95-0A06-A5AC729047ED}"
EndProject
Project("{FAE04EC0-301F-11D3-BF4B-00C04F79EFBC}") = "Unity.CollabProxy.Editor", "Unity.CollabProxy.Editor.csproj", "{F325A449-F44E-3996-10FA-5DE265988768}"
EndProject
Global
	GlobalSection(SolutionConfigurationPlatforms) = preSolution
		Debug|Any CPU = Debug|Any CPU
		Release|Any CPU = Release|Any CPU
	EndGlobalSection
	GlobalSection(ProjectConfigurationPlatforms) = postSolution
		{27B99C94-3160-3BC1-DE6A-C6F29D08D985}.Debug|Any CPU.ActiveCfg = Debug|Any CPU
		{27B99C94-3160-3BC1-DE6A-C6F29D08D985}.Debug|Any CPU.Build.0 = Debug|Any CPU
		{27B99C94-3160-3BC1-DE6A-C6F29D08D985}.Release|Any CPU.ActiveCfg = Release|Any CPU
		{27B99C94-3160-3BC1-DE6A-C6F29D08D985}.Release|Any CPU.Build.0 = Release|Any CPU
		{56CE2C08-ADC1-4D7A-4C94-D24C0509E689}.Debug|Any CPU.ActiveCfg = Debug|Any CPU
		{56CE2C08-ADC1-4D7A-4C94-D24C0509E689}.Debug|Any CPU.Build.0 = Debug|Any CPU
		{56CE2C08-ADC1-4D7A-4C94-D24C0509E689}.Release|Any CPU.ActiveCfg = Release|Any CPU
		{56CE2C08-ADC1-4D7A-4C94-D24C0509E689}.Release|Any CPU.Build.0 = Release|Any CPU
		{F39A67E0-990E-6D81-FB95-4722B1EEC601}.Debug|Any CPU.ActiveCfg = Debug|Any CPU
		{F39A67E0-990E-6D81-FB95-4722B1EEC601}.Debug|Any CPU.Build.0 = Debug|Any CPU
		{F39A67E0-990E-6D81-FB95-4722B1EEC601}.Release|Any CPU.ActiveCfg = Release|Any CPU
		{F39A67E0-990E-6D81-FB95-4722B1EEC601}.Release|Any CPU.Build.0 = Release|Any CPU
		{75EA15EB-B230-41D4-F5DD-92C2A850B19D}.Debug|Any CPU.ActiveCfg = Debug|Any CPU
		{75EA15EB-B230-41D4-F5DD-92C2A850B19D}.Debug|Any CPU.Build.0 = Debug|Any CPU
		{75EA15EB-B230-41D4-F5DD-92C2A850B19D}.Release|Any CPU.ActiveCfg = Release|Any CPU
		{75EA15EB-B230-41D4-F5DD-92C2A850B19D}.Release|Any CPU.Build.0 = Release|Any CPU
		{F81553EF-92EF-F9DF-1FC6-9587ED1F5EB9}.Debug|Any CPU.ActiveCfg = Debug|Any CPU
		{F81553EF-92EF-F9DF-1FC6-9587ED1F5EB9}.Debug|Any CPU.Build.0 = Debug|Any CPU
		{F81553EF-92EF-F9DF-1FC6-9587ED1F5EB9}.Release|Any CPU.ActiveCfg = Release|Any CPU
		{F81553EF-92EF-F9DF-1FC6-9587ED1F5EB9}.Release|Any CPU.Build.0 = Release|Any CPU
		{B18AADC2-03AC-D58B-B1AE-A61CFC6022B2}.Debug|Any CPU.ActiveCfg = Debug|Any CPU
		{B18AADC2-03AC-D58B-B1AE-A61CFC6022B2}.Debug|Any CPU.Build.0 = Debug|Any CPU
		{B18AADC2-03AC-D58B-B1AE-A61CFC6022B2}.Release|Any CPU.ActiveCfg = Release|Any CPU
		{B18AADC2-03AC-D58B-B1AE-A61CFC6022B2}.Release|Any CPU.Build.0 = Release|Any CPU
		{879AD124-3231-6E3B-42E3-4B34CAA44677}.Debug|Any CPU.ActiveCfg = Debug|Any CPU
		{879AD124-3231-6E3B-42E3-4B34CAA44677}.Debug|Any CPU.Build.0 = Debug|Any CPU
		{879AD124-3231-6E3B-42E3-4B34CAA44677}.Release|Any CPU.ActiveCfg = Release|Any CPU
		{879AD124-3231-6E3B-42E3-4B34CAA44677}.Release|Any CPU.Build.0 = Release|Any CPU
		{9C948575-7885-E3BD-8052-7B8B81A20693}.Debug|Any CPU.ActiveCfg = Debug|Any CPU
		{9C948575-7885-E3BD-8052-7B8B81A20693}.Debug|Any CPU.Build.0 = Debug|Any CPU
		{9C948575-7885-E3BD-8052-7B8B81A20693}.Release|Any CPU.ActiveCfg = Release|Any CPU
		{9C948575-7885-E3BD-8052-7B8B81A20693}.Release|Any CPU.Build.0 = Release|Any CPU
		{2A4EDE63-17EE-121D-A7D8-D26B1EEA5D80}.Debug|Any CPU.ActiveCfg = Debug|Any CPU
		{2A4EDE63-17EE-121D-A7D8-D26B1EEA5D80}.Debug|Any CPU.Build.0 = Debug|Any CPU
		{2A4EDE63-17EE-121D-A7D8-D26B1EEA5D80}.Release|Any CPU.ActiveCfg = Release|Any CPU
		{2A4EDE63-17EE-121D-A7D8-D26B1EEA5D80}.Release|Any CPU.Build.0 = Release|Any CPU
		{E064ED29-037C-B835-96DE-4FE0AA3B6E7E}.Debug|Any CPU.ActiveCfg = Debug|Any CPU
		{E064ED29-037C-B835-96DE-4FE0AA3B6E7E}.Debug|Any CPU.Build.0 = Debug|Any CPU
		{E064ED29-037C-B835-96DE-4FE0AA3B6E7E}.Release|Any CPU.ActiveCfg = Release|Any CPU
		{E064ED29-037C-B835-96DE-4FE0AA3B6E7E}.Release|Any CPU.Build.0 = Release|Any CPU
		{B4748C01-EF3F-97C0-2F3D-A4D743BE266B}.Debug|Any CPU.ActiveCfg = Debug|Any CPU
		{B4748C01-EF3F-97C0-2F3D-A4D743BE266B}.Debug|Any CPU.Build.0 = Debug|Any CPU
		{B4748C01-EF3F-97C0-2F3D-A4D743BE266B}.Release|Any CPU.ActiveCfg = Release|Any CPU
		{B4748C01-EF3F-97C0-2F3D-A4D743BE266B}.Release|Any CPU.Build.0 = Release|Any CPU
		{1701B9F5-9D3E-DEA4-8052-7C9CC5294A5A}.Debug|Any CPU.ActiveCfg = Debug|Any CPU
		{1701B9F5-9D3E-DEA4-8052-7C9CC5294A5A}.Debug|Any CPU.Build.0 = Debug|Any CPU
		{1701B9F5-9D3E-DEA4-8052-7C9CC5294A5A}.Release|Any CPU.ActiveCfg = Release|Any CPU
		{1701B9F5-9D3E-DEA4-8052-7C9CC5294A5A}.Release|Any CPU.Build.0 = Release|Any CPU
		{B0167798-D636-D109-9BB6-E75B7711B11D}.Debug|Any CPU.ActiveCfg = Debug|Any CPU
		{B0167798-D636-D109-9BB6-E75B7711B11D}.Debug|Any CPU.Build.0 = Debug|Any CPU
		{B0167798-D636-D109-9BB6-E75B7711B11D}.Release|Any CPU.ActiveCfg = Release|Any CPU
		{B0167798-D636-D109-9BB6-E75B7711B11D}.Release|Any CPU.Build.0 = Release|Any CPU
		{3B79100C-7E4B-1FDB-FAE0-E179E1421B64}.Debug|Any CPU.ActiveCfg = Debug|Any CPU
		{3B79100C-7E4B-1FDB-FAE0-E179E1421B64}.Debug|Any CPU.Build.0 = Debug|Any CPU
		{3B79100C-7E4B-1FDB-FAE0-E179E1421B64}.Release|Any CPU.ActiveCfg = Release|Any CPU
		{3B79100C-7E4B-1FDB-FAE0-E179E1421B64}.Release|Any CPU.Build.0 = Release|Any CPU
		{4216D1DC-FECB-C03F-BEDF-834D4BDFF5F3}.Debug|Any CPU.ActiveCfg = Debug|Any CPU
		{4216D1DC-FECB-C03F-BEDF-834D4BDFF5F3}.Debug|Any CPU.Build.0 = Debug|Any CPU
		{4216D1DC-FECB-C03F-BEDF-834D4BDFF5F3}.Release|Any CPU.ActiveCfg = Release|Any CPU
		{4216D1DC-FECB-C03F-BEDF-834D4BDFF5F3}.Release|Any CPU.Build.0 = Release|Any CPU
		{75055B64-98B6-061D-7E7F-C8F2269E1A94}.Debug|Any CPU.ActiveCfg = Debug|Any CPU
		{75055B64-98B6-061D-7E7F-C8F2269E1A94}.Debug|Any CPU.Build.0 = Debug|Any CPU
		{75055B64-98B6-061D-7E7F-C8F2269E1A94}.Release|Any CPU.ActiveCfg = Release|Any CPU
		{75055B64-98B6-061D-7E7F-C8F2269E1A94}.Release|Any CPU.Build.0 = Release|Any CPU
		{9C9011FB-CD63-0B72-CD3F-853AABF1DD41}.Debug|Any CPU.ActiveCfg = Debug|Any CPU
		{9C9011FB-CD63-0B72-CD3F-853AABF1DD41}.Debug|Any CPU.Build.0 = Debug|Any CPU
		{9C9011FB-CD63-0B72-CD3F-853AABF1DD41}.Release|Any CPU.ActiveCfg = Release|Any CPU
		{9C9011FB-CD63-0B72-CD3F-853AABF1DD41}.Release|Any CPU.Build.0 = Release|Any CPU
		{4F86F262-B2FD-ADBC-9F25-838A695EF0FB}.Debug|Any CPU.ActiveCfg = Debug|Any CPU
		{4F86F262-B2FD-ADBC-9F25-838A695EF0FB}.Debug|Any CPU.Build.0 = Debug|Any CPU
		{4F86F262-B2FD-ADBC-9F25-838A695EF0FB}.Release|Any CPU.ActiveCfg = Release|Any CPU
		{4F86F262-B2FD-ADBC-9F25-838A695EF0FB}.Release|Any CPU.Build.0 = Release|Any CPU
		{9A3DFE2E-54A1-F47D-00ED-2D36948DF395}.Debug|Any CPU.ActiveCfg = Debug|Any CPU
		{9A3DFE2E-54A1-F47D-00ED-2D36948DF395}.Debug|Any CPU.Build.0 = Debug|Any CPU
		{9A3DFE2E-54A1-F47D-00ED-2D36948DF395}.Release|Any CPU.ActiveCfg = Release|Any CPU
		{9A3DFE2E-54A1-F47D-00ED-2D36948DF395}.Release|Any CPU.Build.0 = Release|Any CPU
		{B6F6D800-C8B1-C078-B91C-F71B2BE34023}.Debug|Any CPU.ActiveCfg = Debug|Any CPU
		{B6F6D800-C8B1-C078-B91C-F71B2BE34023}.Debug|Any CPU.Build.0 = Debug|Any CPU
		{B6F6D800-C8B1-C078-B91C-F71B2BE34023}.Release|Any CPU.ActiveCfg = Release|Any CPU
		{B6F6D800-C8B1-C078-B91C-F71B2BE34023}.Release|Any CPU.Build.0 = Release|Any CPU
		{6E183DA3-E278-9938-2D0F-C762D0900B0A}.Debug|Any CPU.ActiveCfg = Debug|Any CPU
		{6E183DA3-E278-9938-2D0F-C762D0900B0A}.Debug|Any CPU.Build.0 = Debug|Any CPU
		{6E183DA3-E278-9938-2D0F-C762D0900B0A}.Release|Any CPU.ActiveCfg = Release|Any CPU
		{6E183DA3-E278-9938-2D0F-C762D0900B0A}.Release|Any CPU.Build.0 = Release|Any CPU
		{C6213E8F-B4C2-BD3F-04D6-95EA8212D07A}.Debug|Any CPU.ActiveCfg = Debug|Any CPU
		{C6213E8F-B4C2-BD3F-04D6-95EA8212D07A}.Debug|Any CPU.Build.0 = Debug|Any CPU
		{C6213E8F-B4C2-BD3F-04D6-95EA8212D07A}.Release|Any CPU.ActiveCfg = Release|Any CPU
		{C6213E8F-B4C2-BD3F-04D6-95EA8212D07A}.Release|Any CPU.Build.0 = Release|Any CPU
		{EC969A4B-4FF8-FB25-1C62-D64384478518}.Debug|Any CPU.ActiveCfg = Debug|Any CPU
		{EC969A4B-4FF8-FB25-1C62-D64384478518}.Debug|Any CPU.Build.0 = Debug|Any CPU
		{EC969A4B-4FF8-FB25-1C62-D64384478518}.Release|Any CPU.ActiveCfg = Release|Any CPU
		{EC969A4B-4FF8-FB25-1C62-D64384478518}.Release|Any CPU.Build.0 = Release|Any CPU
		{3EE586B0-E0EF-37AE-712A-B856BC0735D0}.Debug|Any CPU.ActiveCfg = Debug|Any CPU
		{3EE586B0-E0EF-37AE-712A-B856BC0735D0}.Debug|Any CPU.Build.0 = Debug|Any CPU
		{3EE586B0-E0EF-37AE-712A-B856BC0735D0}.Release|Any CPU.ActiveCfg = Release|Any CPU
		{3EE586B0-E0EF-37AE-712A-B856BC0735D0}.Release|Any CPU.Build.0 = Release|Any CPU
		{46828308-FFC7-D466-BA2D-850B931A7891}.Debug|Any CPU.ActiveCfg = Debug|Any CPU
		{46828308-FFC7-D466-BA2D-850B931A7891}.Debug|Any CPU.Build.0 = Debug|Any CPU
		{46828308-FFC7-D466-BA2D-850B931A7891}.Release|Any CPU.ActiveCfg = Release|Any CPU
		{46828308-FFC7-D466-BA2D-850B931A7891}.Release|Any CPU.Build.0 = Release|Any CPU
		{758E8912-8A2B-3936-9179-EA012CA26A92}.Debug|Any CPU.ActiveCfg = Debug|Any CPU
		{758E8912-8A2B-3936-9179-EA012CA26A92}.Debug|Any CPU.Build.0 = Debug|Any CPU
		{758E8912-8A2B-3936-9179-EA012CA26A92}.Release|Any CPU.ActiveCfg = Release|Any CPU
		{758E8912-8A2B-3936-9179-EA012CA26A92}.Release|Any CPU.Build.0 = Release|Any CPU
		{0B65B312-3440-B77E-93DD-8D416799DFB4}.Debug|Any CPU.ActiveCfg = Debug|Any CPU
		{0B65B312-3440-B77E-93DD-8D416799DFB4}.Debug|Any CPU.Build.0 = Debug|Any CPU
		{0B65B312-3440-B77E-93DD-8D416799DFB4}.Release|Any CPU.ActiveCfg = Release|Any CPU
		{0B65B312-3440-B77E-93DD-8D416799DFB4}.Release|Any CPU.Build.0 = Release|Any CPU
		{1AF3072D-EB20-B4C2-A0CC-C4EA893CC62F}.Debug|Any CPU.ActiveCfg = Debug|Any CPU
		{1AF3072D-EB20-B4C2-A0CC-C4EA893CC62F}.Debug|Any CPU.Build.0 = Debug|Any CPU
		{1AF3072D-EB20-B4C2-A0CC-C4EA893CC62F}.Release|Any CPU.ActiveCfg = Release|Any CPU
		{1AF3072D-EB20-B4C2-A0CC-C4EA893CC62F}.Release|Any CPU.Build.0 = Release|Any CPU
		{93D02CD0-C99C-BAB3-BB01-1BB63A972A5B}.Debug|Any CPU.ActiveCfg = Debug|Any CPU
		{93D02CD0-C99C-BAB3-BB01-1BB63A972A5B}.Debug|Any CPU.Build.0 = Debug|Any CPU
		{93D02CD0-C99C-BAB3-BB01-1BB63A972A5B}.Release|Any CPU.ActiveCfg = Release|Any CPU
		{93D02CD0-C99C-BAB3-BB01-1BB63A972A5B}.Release|Any CPU.Build.0 = Release|Any CPU
		{31457945-DD9F-8B60-C480-0E069FD12E66}.Debug|Any CPU.ActiveCfg = Debug|Any CPU
		{31457945-DD9F-8B60-C480-0E069FD12E66}.Debug|Any CPU.Build.0 = Debug|Any CPU
		{31457945-DD9F-8B60-C480-0E069FD12E66}.Release|Any CPU.ActiveCfg = Release|Any CPU
		{31457945-DD9F-8B60-C480-0E069FD12E66}.Release|Any CPU.Build.0 = Release|Any CPU
		{74E25C5D-D8A5-371A-DD4E-EE1B008044A1}.Debug|Any CPU.ActiveCfg = Debug|Any CPU
		{74E25C5D-D8A5-371A-DD4E-EE1B008044A1}.Debug|Any CPU.Build.0 = Debug|Any CPU
		{74E25C5D-D8A5-371A-DD4E-EE1B008044A1}.Release|Any CPU.ActiveCfg = Release|Any CPU
		{74E25C5D-D8A5-371A-DD4E-EE1B008044A1}.Release|Any CPU.Build.0 = Release|Any CPU
		{08ACC6C0-B8CC-E0C6-B84C-4D3B49ACF30B}.Debug|Any CPU.ActiveCfg = Debug|Any CPU
		{08ACC6C0-B8CC-E0C6-B84C-4D3B49ACF30B}.Debug|Any CPU.Build.0 = Debug|Any CPU
		{08ACC6C0-B8CC-E0C6-B84C-4D3B49ACF30B}.Release|Any CPU.ActiveCfg = Release|Any CPU
		{08ACC6C0-B8CC-E0C6-B84C-4D3B49ACF30B}.Release|Any CPU.Build.0 = Release|Any CPU
		{8E773DB4-6BB6-C30F-BE16-63B0CE3FBEA4}.Debug|Any CPU.ActiveCfg = Debug|Any CPU
		{8E773DB4-6BB6-C30F-BE16-63B0CE3FBEA4}.Debug|Any CPU.Build.0 = Debug|Any CPU
		{8E773DB4-6BB6-C30F-BE16-63B0CE3FBEA4}.Release|Any CPU.ActiveCfg = Release|Any CPU
		{8E773DB4-6BB6-C30F-BE16-63B0CE3FBEA4}.Release|Any CPU.Build.0 = Release|Any CPU
		{B7CF3B5E-FF5B-36BA-82A3-2559B3A2CEBD}.Debug|Any CPU.ActiveCfg = Debug|Any CPU
		{B7CF3B5E-FF5B-36BA-82A3-2559B3A2CEBD}.Debug|Any CPU.Build.0 = Debug|Any CPU
		{B7CF3B5E-FF5B-36BA-82A3-2559B3A2CEBD}.Release|Any CPU.ActiveCfg = Release|Any CPU
		{B7CF3B5E-FF5B-36BA-82A3-2559B3A2CEBD}.Release|Any CPU.Build.0 = Release|Any CPU
		{82C81F70-C238-69E0-A0E2-9EC804C68B85}.Debug|Any CPU.ActiveCfg = Debug|Any CPU
		{82C81F70-C238-69E0-A0E2-9EC804C68B85}.Debug|Any CPU.Build.0 = Debug|Any CPU
		{82C81F70-C238-69E0-A0E2-9EC804C68B85}.Release|Any CPU.ActiveCfg = Release|Any CPU
		{82C81F70-C238-69E0-A0E2-9EC804C68B85}.Release|Any CPU.Build.0 = Release|Any CPU
		{E41F0609-6E74-5AE1-A64E-33EF01052764}.Debug|Any CPU.ActiveCfg = Debug|Any CPU
		{E41F0609-6E74-5AE1-A64E-33EF01052764}.Debug|Any CPU.Build.0 = Debug|Any CPU
		{E41F0609-6E74-5AE1-A64E-33EF01052764}.Release|Any CPU.ActiveCfg = Release|Any CPU
		{E41F0609-6E74-5AE1-A64E-33EF01052764}.Release|Any CPU.Build.0 = Release|Any CPU
		{713C1ACF-992C-C128-927E-296F2185C84A}.Debug|Any CPU.ActiveCfg = Debug|Any CPU
		{713C1ACF-992C-C128-927E-296F2185C84A}.Debug|Any CPU.Build.0 = Debug|Any CPU
		{713C1ACF-992C-C128-927E-296F2185C84A}.Release|Any CPU.ActiveCfg = Release|Any CPU
		{713C1ACF-992C-C128-927E-296F2185C84A}.Release|Any CPU.Build.0 = Release|Any CPU
		{ACE9AB6A-3256-EF9C-47EB-DE0A8718FF03}.Debug|Any CPU.ActiveCfg = Debug|Any CPU
		{ACE9AB6A-3256-EF9C-47EB-DE0A8718FF03}.Debug|Any CPU.Build.0 = Debug|Any CPU
		{ACE9AB6A-3256-EF9C-47EB-DE0A8718FF03}.Release|Any CPU.ActiveCfg = Release|Any CPU
		{ACE9AB6A-3256-EF9C-47EB-DE0A8718FF03}.Release|Any CPU.Build.0 = Release|Any CPU
		{8647F22F-B277-468B-2793-279326EF00C5}.Debug|Any CPU.ActiveCfg = Debug|Any CPU
		{8647F22F-B277-468B-2793-279326EF00C5}.Debug|Any CPU.Build.0 = Debug|Any CPU
		{8647F22F-B277-468B-2793-279326EF00C5}.Release|Any CPU.ActiveCfg = Release|Any CPU
		{8647F22F-B277-468B-2793-279326EF00C5}.Release|Any CPU.Build.0 = Release|Any CPU
		{1BA09792-1A30-8976-DE89-D9A37838B424}.Debug|Any CPU.ActiveCfg = Debug|Any CPU
		{1BA09792-1A30-8976-DE89-D9A37838B424}.Debug|Any CPU.Build.0 = Debug|Any CPU
		{1BA09792-1A30-8976-DE89-D9A37838B424}.Release|Any CPU.ActiveCfg = Release|Any CPU
		{1BA09792-1A30-8976-DE89-D9A37838B424}.Release|Any CPU.Build.0 = Release|Any CPU
		{0A7DC85D-04E6-CB01-F9A6-CDA339B47F2E}.Debug|Any CPU.ActiveCfg = Debug|Any CPU
		{0A7DC85D-04E6-CB01-F9A6-CDA339B47F2E}.Debug|Any CPU.Build.0 = Debug|Any CPU
		{0A7DC85D-04E6-CB01-F9A6-CDA339B47F2E}.Release|Any CPU.ActiveCfg = Release|Any CPU
		{0A7DC85D-04E6-CB01-F9A6-CDA339B47F2E}.Release|Any CPU.Build.0 = Release|Any CPU
		{E6626FC8-0F39-0DEF-DDD4-5F1842A37138}.Debug|Any CPU.ActiveCfg = Debug|Any CPU
		{E6626FC8-0F39-0DEF-DDD4-5F1842A37138}.Debug|Any CPU.Build.0 = Debug|Any CPU
		{E6626FC8-0F39-0DEF-DDD4-5F1842A37138}.Release|Any CPU.ActiveCfg = Release|Any CPU
		{E6626FC8-0F39-0DEF-DDD4-5F1842A37138}.Release|Any CPU.Build.0 = Release|Any CPU
		{4352ED4C-0C6D-F2D1-2155-DD997A2E6418}.Debug|Any CPU.ActiveCfg = Debug|Any CPU
		{4352ED4C-0C6D-F2D1-2155-DD997A2E6418}.Debug|Any CPU.Build.0 = Debug|Any CPU
		{4352ED4C-0C6D-F2D1-2155-DD997A2E6418}.Release|Any CPU.ActiveCfg = Release|Any CPU
		{4352ED4C-0C6D-F2D1-2155-DD997A2E6418}.Release|Any CPU.Build.0 = Release|Any CPU
		{94E944E1-C61D-8439-BF18-E4DE581F9661}.Debug|Any CPU.ActiveCfg = Debug|Any CPU
		{94E944E1-C61D-8439-BF18-E4DE581F9661}.Debug|Any CPU.Build.0 = Debug|Any CPU
		{94E944E1-C61D-8439-BF18-E4DE581F9661}.Release|Any CPU.ActiveCfg = Release|Any CPU
		{94E944E1-C61D-8439-BF18-E4DE581F9661}.Release|Any CPU.Build.0 = Release|Any CPU
		{4E07E0AF-21CE-1AB0-36F2-17C6BDC2F1D7}.Debug|Any CPU.ActiveCfg = Debug|Any CPU
		{4E07E0AF-21CE-1AB0-36F2-17C6BDC2F1D7}.Debug|Any CPU.Build.0 = Debug|Any CPU
		{4E07E0AF-21CE-1AB0-36F2-17C6BDC2F1D7}.Release|Any CPU.ActiveCfg = Release|Any CPU
		{4E07E0AF-21CE-1AB0-36F2-17C6BDC2F1D7}.Release|Any CPU.Build.0 = Release|Any CPU
		{FD14D6F8-2254-5454-0575-00BF178DF9B9}.Debug|Any CPU.ActiveCfg = Debug|Any CPU
		{FD14D6F8-2254-5454-0575-00BF178DF9B9}.Debug|Any CPU.Build.0 = Debug|Any CPU
		{FD14D6F8-2254-5454-0575-00BF178DF9B9}.Release|Any CPU.ActiveCfg = Release|Any CPU
		{FD14D6F8-2254-5454-0575-00BF178DF9B9}.Release|Any CPU.Build.0 = Release|Any CPU
		{6BF32439-52F4-08B2-3B4E-4D2D299B0BCD}.Debug|Any CPU.ActiveCfg = Debug|Any CPU
		{6BF32439-52F4-08B2-3B4E-4D2D299B0BCD}.Debug|Any CPU.Build.0 = Debug|Any CPU
		{6BF32439-52F4-08B2-3B4E-4D2D299B0BCD}.Release|Any CPU.ActiveCfg = Release|Any CPU
		{6BF32439-52F4-08B2-3B4E-4D2D299B0BCD}.Release|Any CPU.Build.0 = Release|Any CPU
		{15D7CB35-8098-B10B-0EE0-F2E8BB32C13A}.Debug|Any CPU.ActiveCfg = Debug|Any CPU
		{15D7CB35-8098-B10B-0EE0-F2E8BB32C13A}.Debug|Any CPU.Build.0 = Debug|Any CPU
		{15D7CB35-8098-B10B-0EE0-F2E8BB32C13A}.Release|Any CPU.ActiveCfg = Release|Any CPU
		{15D7CB35-8098-B10B-0EE0-F2E8BB32C13A}.Release|Any CPU.Build.0 = Release|Any CPU
		{A228276D-62CB-F9AD-CE70-78BED90203F6}.Debug|Any CPU.ActiveCfg = Debug|Any CPU
		{A228276D-62CB-F9AD-CE70-78BED90203F6}.Debug|Any CPU.Build.0 = Debug|Any CPU
		{A228276D-62CB-F9AD-CE70-78BED90203F6}.Release|Any CPU.ActiveCfg = Release|Any CPU
		{A228276D-62CB-F9AD-CE70-78BED90203F6}.Release|Any CPU.Build.0 = Release|Any CPU
		{7D02A599-4AB6-A12C-01AE-048C598633F0}.Debug|Any CPU.ActiveCfg = Debug|Any CPU
		{7D02A599-4AB6-A12C-01AE-048C598633F0}.Debug|Any CPU.Build.0 = Debug|Any CPU
		{7D02A599-4AB6-A12C-01AE-048C598633F0}.Release|Any CPU.ActiveCfg = Release|Any CPU
		{7D02A599-4AB6-A12C-01AE-048C598633F0}.Release|Any CPU.Build.0 = Release|Any CPU
		{726B0696-BA4C-0153-7F11-8305CE39BEBB}.Debug|Any CPU.ActiveCfg = Debug|Any CPU
		{726B0696-BA4C-0153-7F11-8305CE39BEBB}.Debug|Any CPU.Build.0 = Debug|Any CPU
		{726B0696-BA4C-0153-7F11-8305CE39BEBB}.Release|Any CPU.ActiveCfg = Release|Any CPU
		{726B0696-BA4C-0153-7F11-8305CE39BEBB}.Release|Any CPU.Build.0 = Release|Any CPU
		{3A1E0054-3273-C652-A2B7-F1B1D4DA0116}.Debug|Any CPU.ActiveCfg = Debug|Any CPU
		{3A1E0054-3273-C652-A2B7-F1B1D4DA0116}.Debug|Any CPU.Build.0 = Debug|Any CPU
		{3A1E0054-3273-C652-A2B7-F1B1D4DA0116}.Release|Any CPU.ActiveCfg = Release|Any CPU
		{3A1E0054-3273-C652-A2B7-F1B1D4DA0116}.Release|Any CPU.Build.0 = Release|Any CPU
		{8550D313-F7F5-DE22-EDC8-D311DC2154B8}.Debug|Any CPU.ActiveCfg = Debug|Any CPU
		{8550D313-F7F5-DE22-EDC8-D311DC2154B8}.Debug|Any CPU.Build.0 = Debug|Any CPU
		{8550D313-F7F5-DE22-EDC8-D311DC2154B8}.Release|Any CPU.ActiveCfg = Release|Any CPU
		{8550D313-F7F5-DE22-EDC8-D311DC2154B8}.Release|Any CPU.Build.0 = Release|Any CPU
		{1F459947-44AC-F1B9-B61B-014C1C82226F}.Debug|Any CPU.ActiveCfg = Debug|Any CPU
		{1F459947-44AC-F1B9-B61B-014C1C82226F}.Debug|Any CPU.Build.0 = Debug|Any CPU
		{1F459947-44AC-F1B9-B61B-014C1C82226F}.Release|Any CPU.ActiveCfg = Release|Any CPU
		{1F459947-44AC-F1B9-B61B-014C1C82226F}.Release|Any CPU.Build.0 = Release|Any CPU
		{BE4A03F2-A8C9-1E7E-A4BC-50385F2AB57D}.Debug|Any CPU.ActiveCfg = Debug|Any CPU
		{BE4A03F2-A8C9-1E7E-A4BC-50385F2AB57D}.Debug|Any CPU.Build.0 = Debug|Any CPU
		{BE4A03F2-A8C9-1E7E-A4BC-50385F2AB57D}.Release|Any CPU.ActiveCfg = Release|Any CPU
		{BE4A03F2-A8C9-1E7E-A4BC-50385F2AB57D}.Release|Any CPU.Build.0 = Release|Any CPU
		{ABE2E08C-866F-1A92-DD4B-FDB77747D58F}.Debug|Any CPU.ActiveCfg = Debug|Any CPU
		{ABE2E08C-866F-1A92-DD4B-FDB77747D58F}.Debug|Any CPU.Build.0 = Debug|Any CPU
		{ABE2E08C-866F-1A92-DD4B-FDB77747D58F}.Release|Any CPU.ActiveCfg = Release|Any CPU
		{ABE2E08C-866F-1A92-DD4B-FDB77747D58F}.Release|Any CPU.Build.0 = Release|Any CPU
		{4BD8B795-0138-7692-A958-EA4AE699EE76}.Debug|Any CPU.ActiveCfg = Debug|Any CPU
		{4BD8B795-0138-7692-A958-EA4AE699EE76}.Debug|Any CPU.Build.0 = Debug|Any CPU
		{4BD8B795-0138-7692-A958-EA4AE699EE76}.Release|Any CPU.ActiveCfg = Release|Any CPU
		{4BD8B795-0138-7692-A958-EA4AE699EE76}.Release|Any CPU.Build.0 = Release|Any CPU
		{D0D0ADF7-4C4C-929E-B7E2-3ADB12158051}.Debug|Any CPU.ActiveCfg = Debug|Any CPU
		{D0D0ADF7-4C4C-929E-B7E2-3ADB12158051}.Debug|Any CPU.Build.0 = Debug|Any CPU
		{D0D0ADF7-4C4C-929E-B7E2-3ADB12158051}.Release|Any CPU.ActiveCfg = Release|Any CPU
		{D0D0ADF7-4C4C-929E-B7E2-3ADB12158051}.Release|Any CPU.Build.0 = Release|Any CPU
		{6B45BAD8-527E-CF13-9EBF-9DFC4D435348}.Debug|Any CPU.ActiveCfg = Debug|Any CPU
		{6B45BAD8-527E-CF13-9EBF-9DFC4D435348}.Debug|Any CPU.Build.0 = Debug|Any CPU
		{6B45BAD8-527E-CF13-9EBF-9DFC4D435348}.Release|Any CPU.ActiveCfg = Release|Any CPU
		{6B45BAD8-527E-CF13-9EBF-9DFC4D435348}.Release|Any CPU.Build.0 = Release|Any CPU
		{79619B8B-94E3-9449-23FA-645E7E5BA7C3}.Debug|Any CPU.ActiveCfg = Debug|Any CPU
		{79619B8B-94E3-9449-23FA-645E7E5BA7C3}.Debug|Any CPU.Build.0 = Debug|Any CPU
		{79619B8B-94E3-9449-23FA-645E7E5BA7C3}.Release|Any CPU.ActiveCfg = Release|Any CPU
		{79619B8B-94E3-9449-23FA-645E7E5BA7C3}.Release|Any CPU.Build.0 = Release|Any CPU
		{D34A43CD-1EED-F1BA-2619-E1B1D5518BFD}.Debug|Any CPU.ActiveCfg = Debug|Any CPU
		{D34A43CD-1EED-F1BA-2619-E1B1D5518BFD}.Debug|Any CPU.Build.0 = Debug|Any CPU
		{D34A43CD-1EED-F1BA-2619-E1B1D5518BFD}.Release|Any CPU.ActiveCfg = Release|Any CPU
		{D34A43CD-1EED-F1BA-2619-E1B1D5518BFD}.Release|Any CPU.Build.0 = Release|Any CPU
		{F695A403-63C6-9C95-0A06-A5AC729047ED}.Debug|Any CPU.ActiveCfg = Debug|Any CPU
		{F695A403-63C6-9C95-0A06-A5AC729047ED}.Debug|Any CPU.Build.0 = Debug|Any CPU
		{F695A403-63C6-9C95-0A06-A5AC729047ED}.Release|Any CPU.ActiveCfg = Release|Any CPU
		{F695A403-63C6-9C95-0A06-A5AC729047ED}.Release|Any CPU.Build.0 = Release|Any CPU
		{F325A449-F44E-3996-10FA-5DE265988768}.Debug|Any CPU.ActiveCfg = Debug|Any CPU
		{F325A449-F44E-3996-10FA-5DE265988768}.Debug|Any CPU.Build.0 = Debug|Any CPU
		{F325A449-F44E-3996-10FA-5DE265988768}.Release|Any CPU.ActiveCfg = Release|Any CPU
		{F325A449-F44E-3996-10FA-5DE265988768}.Release|Any CPU.Build.0 = Release|Any CPU
	EndGlobalSection
	GlobalSection(SolutionProperties) = preSolution
		HideSolutionNode = FALSE
	EndGlobalSection
EndGlobal
